// !$*UTF8*$!
{
	archiveVersion = 1;
	classes = {
	};
	objectVersion = 46;
	objects = {

/* Begin PBXBuildFile section */
		6100BDBE1CDC3E0A0088C26F /* AppDelegate.swift in Sources */ = {isa = PBXBuildFile; fileRef = 6100BDBD1CDC3E0A0088C26F /* AppDelegate.swift */; };
		6100BDC01CDC3E0A0088C26F /* ViewController.swift in Sources */ = {isa = PBXBuildFile; fileRef = 6100BDBF1CDC3E0A0088C26F /* ViewController.swift */; };
		6100BDC31CDC3E0A0088C26F /* Main.storyboard in Resources */ = {isa = PBXBuildFile; fileRef = 6100BDC11CDC3E0A0088C26F /* Main.storyboard */; };
		6100BDC51CDC3E0B0088C26F /* Assets.xcassets in Resources */ = {isa = PBXBuildFile; fileRef = 6100BDC41CDC3E0B0088C26F /* Assets.xcassets */; };
		6100BDC81CDC3E0B0088C26F /* LaunchScreen.storyboard in Resources */ = {isa = PBXBuildFile; fileRef = 6100BDC61CDC3E0B0088C26F /* LaunchScreen.storyboard */; };
		6100BDD31CDC43660088C26F /* RxAlamofire.framework in Frameworks */ = {isa = PBXBuildFile; fileRef = 6100BDCF1CDC43660088C26F /* RxAlamofire.framework */; };
		6100BDD41CDC43660088C26F /* RxAlamofire.framework in Embed Frameworks */ = {isa = PBXBuildFile; fileRef = 6100BDCF1CDC43660088C26F /* RxAlamofire.framework */; settings = {ATTRIBUTES = (CodeSignOnCopy, RemoveHeadersOnCopy, ); }; };
		6100BDD51CDC43660088C26F /* RxSwift.framework in Frameworks */ = {isa = PBXBuildFile; fileRef = 6100BDD01CDC43660088C26F /* RxSwift.framework */; };
		6100BDD61CDC43660088C26F /* RxSwift.framework in Embed Frameworks */ = {isa = PBXBuildFile; fileRef = 6100BDD01CDC43660088C26F /* RxSwift.framework */; settings = {ATTRIBUTES = (CodeSignOnCopy, RemoveHeadersOnCopy, ); }; };
		6100BDD71CDC43660088C26F /* RxCocoa.framework in Frameworks */ = {isa = PBXBuildFile; fileRef = 6100BDD11CDC43660088C26F /* RxCocoa.framework */; };
		6100BDD81CDC43660088C26F /* RxCocoa.framework in Embed Frameworks */ = {isa = PBXBuildFile; fileRef = 6100BDD11CDC43660088C26F /* RxCocoa.framework */; settings = {ATTRIBUTES = (CodeSignOnCopy, RemoveHeadersOnCopy, ); }; };
		6100BDD91CDC43660088C26F /* Alamofire.framework in Frameworks */ = {isa = PBXBuildFile; fileRef = 6100BDD21CDC43660088C26F /* Alamofire.framework */; };
		6100BDDA1CDC43670088C26F /* Alamofire.framework in Embed Frameworks */ = {isa = PBXBuildFile; fileRef = 6100BDD21CDC43660088C26F /* Alamofire.framework */; settings = {ATTRIBUTES = (CodeSignOnCopy, RemoveHeadersOnCopy, ); }; };
		6100BDDE1CDC439F0088C26F /* ViewModel.swift in Sources */ = {isa = PBXBuildFile; fileRef = 6100BDDD1CDC439F0088C26F /* ViewModel.swift */; };
		6100BDE41CDC4A4A0088C26F /* libIOTCAPIs_P2PTunnel.a in Frameworks */ = {isa = PBXBuildFile; fileRef = 6100BDE31CDC4A4A0088C26F /* libIOTCAPIs_P2PTunnel.a */; };
		6105B5651CDC7C5600B40C7C /* TunnelBrain.swift in Sources */ = {isa = PBXBuildFile; fileRef = 6105B5641CDC7C5600B40C7C /* TunnelBrain.swift */; };
/* End PBXBuildFile section */

/* Begin PBXCopyFilesBuildPhase section */
		6100BDDB1CDC43670088C26F /* Embed Frameworks */ = {
			isa = PBXCopyFilesBuildPhase;
			buildActionMask = 2147483647;
			dstPath = "";
			dstSubfolderSpec = 10;
			files = (
				6100BDD81CDC43660088C26F /* RxCocoa.framework in Embed Frameworks */,
				6100BDD61CDC43660088C26F /* RxSwift.framework in Embed Frameworks */,
				6100BDD41CDC43660088C26F /* RxAlamofire.framework in Embed Frameworks */,
				6100BDDA1CDC43670088C26F /* Alamofire.framework in Embed Frameworks */,
			);
			name = "Embed Frameworks";
			runOnlyForDeploymentPostprocessing = 0;
		};
/* End PBXCopyFilesBuildPhase section */

/* Begin PBXFileReference section */
		6100BDBA1CDC3E0A0088C26F /* LEDSwitch.app */ = {isa = PBXFileReference; explicitFileType = wrapper.application; includeInIndex = 0; path = LEDSwitch.app; sourceTree = BUILT_PRODUCTS_DIR; };
		6100BDBD1CDC3E0A0088C26F /* AppDelegate.swift */ = {isa = PBXFileReference; lastKnownFileType = sourcecode.swift; path = AppDelegate.swift; sourceTree = "<group>"; };
		6100BDBF1CDC3E0A0088C26F /* ViewController.swift */ = {isa = PBXFileReference; lastKnownFileType = sourcecode.swift; path = ViewController.swift; sourceTree = "<group>"; };
		6100BDC21CDC3E0A0088C26F /* Base */ = {isa = PBXFileReference; lastKnownFileType = file.storyboard; name = Base; path = Base.lproj/Main.storyboard; sourceTree = "<group>"; };
		6100BDC41CDC3E0B0088C26F /* Assets.xcassets */ = {isa = PBXFileReference; lastKnownFileType = folder.assetcatalog; path = Assets.xcassets; sourceTree = "<group>"; };
		6100BDC71CDC3E0B0088C26F /* Base */ = {isa = PBXFileReference; lastKnownFileType = file.storyboard; name = Base; path = Base.lproj/LaunchScreen.storyboard; sourceTree = "<group>"; };
		6100BDC91CDC3E0B0088C26F /* Info.plist */ = {isa = PBXFileReference; lastKnownFileType = text.plist.xml; path = Info.plist; sourceTree = "<group>"; };
		6100BDCF1CDC43660088C26F /* RxAlamofire.framework */ = {isa = PBXFileReference; lastKnownFileType = wrapper.framework; name = RxAlamofire.framework; path = Carthage/Build/iOS/RxAlamofire.framework; sourceTree = "<group>"; };
		6100BDD01CDC43660088C26F /* RxSwift.framework */ = {isa = PBXFileReference; lastKnownFileType = wrapper.framework; name = RxSwift.framework; path = Carthage/Build/iOS/RxSwift.framework; sourceTree = "<group>"; };
		6100BDD11CDC43660088C26F /* RxCocoa.framework */ = {isa = PBXFileReference; lastKnownFileType = wrapper.framework; name = RxCocoa.framework; path = Carthage/Build/iOS/RxCocoa.framework; sourceTree = "<group>"; };
		6100BDD21CDC43660088C26F /* Alamofire.framework */ = {isa = PBXFileReference; lastKnownFileType = wrapper.framework; name = Alamofire.framework; path = Carthage/Build/iOS/Alamofire.framework; sourceTree = "<group>"; };
		6100BDDD1CDC439F0088C26F /* ViewModel.swift */ = {isa = PBXFileReference; fileEncoding = 4; lastKnownFileType = sourcecode.swift; path = ViewModel.swift; sourceTree = "<group>"; };
		6100BDE31CDC4A4A0088C26F /* libIOTCAPIs_P2PTunnel.a */ = {isa = PBXFileReference; lastKnownFileType = archive.ar; name = libIOTCAPIs_P2PTunnel.a; path = "../kalay-starter-kit/Lib/iOS/libIOTCAPIs_P2PTunnel.a"; sourceTree = "<group>"; };
		6100BDE51CDC4A9B0088C26F /* P2PTunnelAPIs.h */ = {isa = PBXFileReference; lastKnownFileType = sourcecode.c.h; name = P2PTunnelAPIs.h; path = "../kalay-starter-kit/Include/P2PTunnelAPIs.h"; sourceTree = "<group>"; };
		6105B5621CDC7C5600B40C7C /* LEDSwitch-Bridging-Header.h */ = {isa = PBXFileReference; fileEncoding = 4; lastKnownFileType = sourcecode.c.h; path = "LEDSwitch-Bridging-Header.h"; sourceTree = "<group>"; };
		6105B5631CDC7C5600B40C7C /* platform_Config.h */ = {isa = PBXFileReference; fileEncoding = 4; lastKnownFileType = sourcecode.c.h; path = platform_Config.h; sourceTree = "<group>"; };
		6105B5641CDC7C5600B40C7C /* TunnelBrain.swift */ = {isa = PBXFileReference; fileEncoding = 4; lastKnownFileType = sourcecode.swift; path = TunnelBrain.swift; sourceTree = "<group>"; };
/* End PBXFileReference section */

/* Begin PBXFrameworksBuildPhase section */
		6100BDB71CDC3E0A0088C26F /* Frameworks */ = {
			isa = PBXFrameworksBuildPhase;
			buildActionMask = 2147483647;
			files = (
				6100BDD71CDC43660088C26F /* RxCocoa.framework in Frameworks */,
				6100BDD51CDC43660088C26F /* RxSwift.framework in Frameworks */,
				6100BDD31CDC43660088C26F /* RxAlamofire.framework in Frameworks */,
				6100BDD91CDC43660088C26F /* Alamofire.framework in Frameworks */,
				6100BDE41CDC4A4A0088C26F /* libIOTCAPIs_P2PTunnel.a in Frameworks */,
			);
			runOnlyForDeploymentPostprocessing = 0;
		};
/* End PBXFrameworksBuildPhase section */

/* Begin PBXGroup section */
		6100BDB11CDC3E0A0088C26F = {
			isa = PBXGroup;
			children = (
				6100BDE31CDC4A4A0088C26F /* libIOTCAPIs_P2PTunnel.a */,
				6100BDE51CDC4A9B0088C26F /* P2PTunnelAPIs.h */,
				6100BDDC1CDC436D0088C26F /* Frameworks */,
				6100BDBC1CDC3E0A0088C26F /* LEDSwitch */,
				6100BDBB1CDC3E0A0088C26F /* Products */,
			);
			sourceTree = "<group>";
		};
		6100BDBB1CDC3E0A0088C26F /* Products */ = {
			isa = PBXGroup;
			children = (
				6100BDBA1CDC3E0A0088C26F /* LEDSwitch.app */,
			);
			name = Products;
			sourceTree = "<group>";
		};
		6100BDBC1CDC3E0A0088C26F /* LEDSwitch */ = {
			isa = PBXGroup;
			children = (
				6105B5621CDC7C5600B40C7C /* LEDSwitch-Bridging-Header.h */,
				6105B5631CDC7C5600B40C7C /* platform_Config.h */,
				6105B5641CDC7C5600B40C7C /* TunnelBrain.swift */,
				6100BDBD1CDC3E0A0088C26F /* AppDelegate.swift */,
				6100BDBF1CDC3E0A0088C26F /* ViewController.swift */,
				6100BDC11CDC3E0A0088C26F /* Main.storyboard */,
				6100BDC41CDC3E0B0088C26F /* Assets.xcassets */,
				6100BDC61CDC3E0B0088C26F /* LaunchScreen.storyboard */,
				6100BDC91CDC3E0B0088C26F /* Info.plist */,
				6100BDDD1CDC439F0088C26F /* ViewModel.swift */,
			);
			path = LEDSwitch;
			sourceTree = "<group>";
		};
		6100BDDC1CDC436D0088C26F /* Frameworks */ = {
			isa = PBXGroup;
			children = (
				6100BDCF1CDC43660088C26F /* RxAlamofire.framework */,
				6100BDD01CDC43660088C26F /* RxSwift.framework */,
				6100BDD11CDC43660088C26F /* RxCocoa.framework */,
				6100BDD21CDC43660088C26F /* Alamofire.framework */,
			);
			name = Frameworks;
			sourceTree = "<group>";
		};
/* End PBXGroup section */

/* Begin PBXNativeTarget section */
		6100BDB91CDC3E0A0088C26F /* LEDSwitch */ = {
			isa = PBXNativeTarget;
			buildConfigurationList = 6100BDCC1CDC3E0B0088C26F /* Build configuration list for PBXNativeTarget "LEDSwitch" */;
			buildPhases = (
				6100BDB61CDC3E0A0088C26F /* Sources */,
				6100BDB71CDC3E0A0088C26F /* Frameworks */,
				6100BDB81CDC3E0A0088C26F /* Resources */,
				6100BDDB1CDC43670088C26F /* Embed Frameworks */,
			);
			buildRules = (
			);
			dependencies = (
			);
			name = LEDSwitch;
			productName = LEDSwitch;
			productReference = 6100BDBA1CDC3E0A0088C26F /* LEDSwitch.app */;
			productType = "com.apple.product-type.application";
		};
/* End PBXNativeTarget section */

/* Begin PBXProject section */
		6100BDB21CDC3E0A0088C26F /* Project object */ = {
			isa = PBXProject;
			attributes = {
				LastSwiftUpdateCheck = 0730;
				LastUpgradeCheck = 0730;
				ORGANIZATIONNAME = tutk;
				TargetAttributes = {
					6100BDB91CDC3E0A0088C26F = {
						CreatedOnToolsVersion = 7.3.1;
					};
				};
			};
			buildConfigurationList = 6100BDB51CDC3E0A0088C26F /* Build configuration list for PBXProject "LEDSwitch" */;
			compatibilityVersion = "Xcode 3.2";
			developmentRegion = English;
			hasScannedForEncodings = 0;
			knownRegions = (
				en,
				Base,
			);
			mainGroup = 6100BDB11CDC3E0A0088C26F;
			productRefGroup = 6100BDBB1CDC3E0A0088C26F /* Products */;
			projectDirPath = "";
			projectRoot = "";
			targets = (
				6100BDB91CDC3E0A0088C26F /* LEDSwitch */,
			);
		};
/* End PBXProject section */

/* Begin PBXResourcesBuildPhase section */
		6100BDB81CDC3E0A0088C26F /* Resources */ = {
			isa = PBXResourcesBuildPhase;
			buildActionMask = 2147483647;
			files = (
				6100BDC81CDC3E0B0088C26F /* LaunchScreen.storyboard in Resources */,
				6100BDC51CDC3E0B0088C26F /* Assets.xcassets in Resources */,
				6100BDC31CDC3E0A0088C26F /* Main.storyboard in Resources */,
			);
			runOnlyForDeploymentPostprocessing = 0;
		};
/* End PBXResourcesBuildPhase section */

/* Begin PBXSourcesBuildPhase section */
		6100BDB61CDC3E0A0088C26F /* Sources */ = {
			isa = PBXSourcesBuildPhase;
			buildActionMask = 2147483647;
			files = (
				6100BDC01CDC3E0A0088C26F /* ViewController.swift in Sources */,
				6100BDDE1CDC439F0088C26F /* ViewModel.swift in Sources */,
				6105B5651CDC7C5600B40C7C /* TunnelBrain.swift in Sources */,
				6100BDBE1CDC3E0A0088C26F /* AppDelegate.swift in Sources */,
			);
			runOnlyForDeploymentPostprocessing = 0;
		};
/* End PBXSourcesBuildPhase section */

/* Begin PBXVariantGroup section */
		6100BDC11CDC3E0A0088C26F /* Main.storyboard */ = {
			isa = PBXVariantGroup;
			children = (
				6100BDC21CDC3E0A0088C26F /* Base */,
			);
			name = Main.storyboard;
			sourceTree = "<group>";
		};
		6100BDC61CDC3E0B0088C26F /* LaunchScreen.storyboard */ = {
			isa = PBXVariantGroup;
			children = (
				6100BDC71CDC3E0B0088C26F /* Base */,
			);
			name = LaunchScreen.storyboard;
			sourceTree = "<group>";
		};
/* End PBXVariantGroup section */

/* Begin XCBuildConfiguration section */
		6100BDCA1CDC3E0B0088C26F /* Debug */ = {
			isa = XCBuildConfiguration;
			buildSettings = {
				ALWAYS_SEARCH_USER_PATHS = NO;
				CLANG_ANALYZER_NONNULL = YES;
				CLANG_CXX_LANGUAGE_STANDARD = "gnu++0x";
				CLANG_CXX_LIBRARY = "libc++";
				CLANG_ENABLE_MODULES = YES;
				CLANG_ENABLE_OBJC_ARC = YES;
				CLANG_WARN_BOOL_CONVERSION = YES;
				CLANG_WARN_CONSTANT_CONVERSION = YES;
				CLANG_WARN_DIRECT_OBJC_ISA_USAGE = YES_ERROR;
				CLANG_WARN_EMPTY_BODY = YES;
				CLANG_WARN_ENUM_CONVERSION = YES;
				CLANG_WARN_INT_CONVERSION = YES;
				CLANG_WARN_OBJC_ROOT_CLASS = YES_ERROR;
				CLANG_WARN_UNREACHABLE_CODE = YES;
				CLANG_WARN__DUPLICATE_METHOD_MATCH = YES;
				"CODE_SIGN_IDENTITY[sdk=iphoneos*]" = "iPhone Developer";
				COPY_PHASE_STRIP = NO;
				DEBUG_INFORMATION_FORMAT = dwarf;
				ENABLE_STRICT_OBJC_MSGSEND = YES;
				ENABLE_TESTABILITY = YES;
				GCC_C_LANGUAGE_STANDARD = gnu99;
				GCC_DYNAMIC_NO_PIC = NO;
				GCC_NO_COMMON_BLOCKS = YES;
				GCC_OPTIMIZATION_LEVEL = 0;
				GCC_PREPROCESSOR_DEFINITIONS = (
					"DEBUG=1",
					"$(inherited)",
				);
				GCC_WARN_64_TO_32_BIT_CONVERSION = YES;
				GCC_WARN_ABOUT_RETURN_TYPE = YES_ERROR;
				GCC_WARN_UNDECLARED_SELECTOR = YES;
				GCC_WARN_UNINITIALIZED_AUTOS = YES_AGGRESSIVE;
				GCC_WARN_UNUSED_FUNCTION = YES;
				GCC_WARN_UNUSED_VARIABLE = YES;
				IPHONEOS_DEPLOYMENT_TARGET = 9.3;
				MTL_ENABLE_DEBUG_INFO = YES;
				ONLY_ACTIVE_ARCH = YES;
				SDKROOT = iphoneos;
				SWIFT_OPTIMIZATION_LEVEL = "-Onone";
			};
			name = Debug;
		};
		6100BDCB1CDC3E0B0088C26F /* Release */ = {
			isa = XCBuildConfiguration;
			buildSettings = {
				ALWAYS_SEARCH_USER_PATHS = NO;
				CLANG_ANALYZER_NONNULL = YES;
				CLANG_CXX_LANGUAGE_STANDARD = "gnu++0x";
				CLANG_CXX_LIBRARY = "libc++";
				CLANG_ENABLE_MODULES = YES;
				CLANG_ENABLE_OBJC_ARC = YES;
				CLANG_WARN_BOOL_CONVERSION = YES;
				CLANG_WARN_CONSTANT_CONVERSION = YES;
				CLANG_WARN_DIRECT_OBJC_ISA_USAGE = YES_ERROR;
				CLANG_WARN_EMPTY_BODY = YES;
				CLANG_WARN_ENUM_CONVERSION = YES;
				CLANG_WARN_INT_CONVERSION = YES;
				CLANG_WARN_OBJC_ROOT_CLASS = YES_ERROR;
				CLANG_WARN_UNREACHABLE_CODE = YES;
				CLANG_WARN__DUPLICATE_METHOD_MATCH = YES;
				"CODE_SIGN_IDENTITY[sdk=iphoneos*]" = "iPhone Distribution";
				COPY_PHASE_STRIP = NO;
				DEBUG_INFORMATION_FORMAT = "dwarf-with-dsym";
				ENABLE_NS_ASSERTIONS = NO;
				ENABLE_STRICT_OBJC_MSGSEND = YES;
				GCC_C_LANGUAGE_STANDARD = gnu99;
				GCC_NO_COMMON_BLOCKS = YES;
				GCC_WARN_64_TO_32_BIT_CONVERSION = YES;
				GCC_WARN_ABOUT_RETURN_TYPE = YES_ERROR;
				GCC_WARN_UNDECLARED_SELECTOR = YES;
				GCC_WARN_UNINITIALIZED_AUTOS = YES_AGGRESSIVE;
				GCC_WARN_UNUSED_FUNCTION = YES;
				GCC_WARN_UNUSED_VARIABLE = YES;
				IPHONEOS_DEPLOYMENT_TARGET = 9.3;
				MTL_ENABLE_DEBUG_INFO = NO;
				SDKROOT = iphoneos;
				VALIDATE_PRODUCT = YES;
			};
			name = Release;
		};
		6100BDCD1CDC3E0B0088C26F /* Debug */ = {
			isa = XCBuildConfiguration;
			buildSettings = {
				ASSETCATALOG_COMPILER_APPICON_NAME = AppIcon;
				ENABLE_BITCODE = NO;
				FRAMEWORK_SEARCH_PATHS = (
					"$(inherited)",
					"$(PROJECT_DIR)/Carthage/Build/iOS",
				);
				INFOPLIST_FILE = LEDSwitch/Info.plist;
				LD_RUNPATH_SEARCH_PATHS = "$(inherited) @executable_path/Frameworks";
				LIBRARY_SEARCH_PATHS = "../kalay-starter-kit/Lib/iOS/";
				PRODUCT_BUNDLE_IDENTIFIER = com.tutk.cc.samples.LEDSwitch;
				PRODUCT_NAME = "$(TARGET_NAME)";
				PROVISIONING_PROFILE = "9d9a2558-1e0e-41da-8874-9dd06437aee5";
				SWIFT_OBJC_BRIDGING_HEADER = "LEDSwitch-Bridging-Header.h";
			};
			name = Debug;
		};
		6100BDCE1CDC3E0B0088C26F /* Release */ = {
			isa = XCBuildConfiguration;
			buildSettings = {
				ASSETCATALOG_COMPILER_APPICON_NAME = AppIcon;
				ENABLE_BITCODE = NO;
				FRAMEWORK_SEARCH_PATHS = (
					"$(inherited)",
					"$(PROJECT_DIR)/Carthage/Build/iOS",
				);
				INFOPLIST_FILE = LEDSwitch/Info.plist;
				LD_RUNPATH_SEARCH_PATHS = "$(inherited) @executable_path/Frameworks";
				LIBRARY_SEARCH_PATHS = "../kalay-starter-kit/Lib/iOS/";
				PRODUCT_BUNDLE_IDENTIFIER = com.tutk.cc.samples.LEDSwitch;
				PRODUCT_NAME = "$(TARGET_NAME)";
				PROVISIONING_PROFILE = "9d9a2558-1e0e-41da-8874-9dd06437aee5";
				SWIFT_OBJC_BRIDGING_HEADER = "LEDSwitch-Bridging-Header.h";
			};
			name = Release;
		};
/* End XCBuildConfiguration section */

/* Begin XCConfigurationList section */
		6100BDB51CDC3E0A0088C26F /* Build configuration list for PBXProject "LEDSwitch" */ = {
			isa = XCConfigurationList;
			buildConfigurations = (
				6100BDCA1CDC3E0B0088C26F /* Debug */,
				6100BDCB1CDC3E0B0088C26F /* Release */,
			);
			defaultConfigurationIsVisible = 0;
			defaultConfigurationName = Release;
		};
		6100BDCC1CDC3E0B0088C26F /* Build configuration list for PBXNativeTarget "LEDSwitch" */ = {
			isa = XCConfigurationList;
			buildConfigurations = (
				6100BDCD1CDC3E0B0088C26F /* Debug */,
				6100BDCE1CDC3E0B0088C26F /* Release */,
			);
			defaultConfigurationIsVisible = 0;
			defaultConfigurationName = Release;
		};
/* End XCConfigurationList section */
	};
	rootObject = 6100BDB21CDC3E0A0088C26F /* Project object */;
}
